
Microsoft Visual Studio Solution File, Format Version 12.00
# Visual Studio Version 17
VisualStudioVersion = 17.7.34024.191
MinimumVisualStudioVersion = 10.0.40219.1
Project("{FAE04EC0-301F-11D3-BF4B-00C04F79EFBC}") = "Casting-List-Homework", "Casting-List-Homework\Casting-List-Homework.csproj", "{7FD2A9E3-50BE-4067-80F0-1F3B2219039D}"
EndProject
Project("{FAE04EC0-301F-11D3-BF4B-00C04F79EFBC}") = "Domain", "Domain\Domain.csproj", "{00D727A6-D7F3-4752-8D44-6AC0C28CD7C1}"
EndProject
Project("{FAE04EC0-301F-11D3-BF4B-00C04F79EFBC}") = "Service", "Service\Service.csproj", "{5D29C3DD-B778-476E-8835-06CB02FA384C}"
EndProject
Global
	GlobalSection(SolutionConfigurationPlatforms) = preSolution
		Debug|Any CPU = Debug|Any CPU
		Release|Any CPU = Release|Any CPU
	EndGlobalSection
	GlobalSection(ProjectConfigurationPlatforms) = postSolution
		{7FD2A9E3-50BE-4067-80F0-1F3B2219039D}.Debug|Any CPU.ActiveCfg = Debug|Any CPU
		{7FD2A9E3-50BE-4067-80F0-1F3B2219039D}.Debug|Any CPU.Build.0 = Debug|Any CPU
		{7FD2A9E3-50BE-4067-80F0-1F3B2219039D}.Release|Any CPU.ActiveCfg = Release|Any CPU
		{7FD2A9E3-50BE-4067-80F0-1F3B2219039D}.Release|Any CPU.Build.0 = Release|Any CPU
		{00D727A6-D7F3-4752-8D44-6AC0C28CD7C1}.Debug|Any CPU.ActiveCfg = Debug|Any CPU
		{00D727A6-D7F3-4752-8D44-6AC0C28CD7C1}.Debug|Any CPU.Build.0 = Debug|Any CPU
		{00D727A6-D7F3-4752-8D44-6AC0C28CD7C1}.Release|Any CPU.ActiveCfg = Release|Any CPU
		{00D727A6-D7F3-4752-8D44-6AC0C28CD7C1}.Release|Any CPU.Build.0 = Release|Any CPU
		{5D29C3DD-B778-476E-8835-06CB02FA384C}.Debug|Any CPU.ActiveCfg = Debug|Any CPU
		{5D29C3DD-B778-476E-8835-06CB02FA384C}.Debug|Any CPU.Build.0 = Debug|Any CPU
		{5D29C3DD-B778-476E-8835-06CB02FA384C}.Release|Any CPU.ActiveCfg = Release|Any CPU
		{5D29C3DD-B778-476E-8835-06CB02FA384C}.Release|Any CPU.Build.0 = Release|Any CPU
	EndGlobalSection
	GlobalSection(SolutionProperties) = preSolution
		HideSolutionNode = FALSE
	EndGlobalSection
	GlobalSection(ExtensibilityGlobals) = postSolution
		SolutionGuid = {239EC091-E159-45A5-A530-BA4F5764DCC8}
	EndGlobalSection
EndGlobal
